{
  "version": 4,
  "terraform_version": "1.3.6",
  "serial": 141,
  "lineage": "6856ebc9-f771-0799-d661-5b5cb4b6f62c",
  "outputs": {},
  "resources": [
    {
      "mode": "data",
      "type": "template_file",
      "name": "workerIgn",
      "provider": "provider[\"registry.terraform.io/hashicorp/template\"]",
      "instances": [
        {
          "schema_version": 0,
          "attributes": {
            "filename": null,
            "id": "0044bbbd9c4f62dc60b1632fa80ba37a958af04f6670b35b5c0f7518fc90041f",
            "rendered": "  {  \n  \"ignition\": {  \n  \"version\": \"3.2.0\",  \n  \"config\": {  \n    \"replace\": {  \n    \"source\": \"http://10.0.0.175:8888/worker.ign\"\n    \n    \n  }  \n  }  \n  } \n  }",
            "template": "  {  \n  \"ignition\": {  \n  \"version\": \"3.2.0\",  \n  \"config\": {  \n    \"replace\": {  \n    \"source\": \"http://${deployHost}:8888/worker.ign\"\n    \n    \n  }  \n  }  \n  } \n  }",
            "vars": {
              "deployHost": "10.0.0.175"
            }
          },
          "sensitive_attributes": []
        }
      ]
    },
    {
      "mode": "managed",
      "type": "oci_core_instance",
      "name": "worker0",
      "provider": "provider[\"registry.terraform.io/hashicorp/oci\"]",
      "instances": [
        {
          "schema_version": 0,
          "attributes": {
            "agent_config": [
              {
                "are_all_plugins_disabled": false,
                "is_management_disabled": false,
                "is_monitoring_disabled": false,
                "plugins_config": [
                  {
                    "desired_state": "DISABLED",
                    "name": "Vulnerability Scanning"
                  },
                  {
                    "desired_state": "DISABLED",
                    "name": "Oracle Java Management Service"
                  },
                  {
                    "desired_state": "DISABLED",
                    "name": "Oracle Autonomous Linux"
                  },
                  {
                    "desired_state": "ENABLED",
                    "name": "OS Management Service Agent"
                  },
                  {
                    "desired_state": "DISABLED",
                    "name": "Management Agent"
                  },
                  {
                    "desired_state": "ENABLED",
                    "name": "Custom Logs Monitoring"
                  },
                  {
                    "desired_state": "ENABLED",
                    "name": "Compute Instance Run Command"
                  },
                  {
                    "desired_state": "ENABLED",
                    "name": "Compute Instance Monitoring"
                  },
                  {
                    "desired_state": "DISABLED",
                    "name": "Block Volume Management"
                  },
                  {
                    "desired_state": "DISABLED",
                    "name": "Bastion"
                  }
                ]
              }
            ],
            "async": null,
            "availability_config": [
              {
                "is_live_migration_preferred": false,
                "recovery_action": "RESTORE_INSTANCE"
              }
            ],
            "availability_domain": "bxtG:AP-SYDNEY-1-AD-1",
            "boot_volume_id": "ocid1.bootvolume.oc1.ap-sydney-1.abzxsljryhdswwac7zu2zfzpsnuizrqioa2omqgn3uxjjoify2mpg6yjq4ra",
            "capacity_reservation_id": null,
            "compartment_id": "ocid1.compartment.oc1..aaaaaaaahr7aicqtodxmcfor6pbqn3hvsngpftozyxzqw36gj4kh3w3kkj4q",
            "create_vnic_details": [
              {
                "assign_private_dns_record": true,
                "assign_public_ip": "true",
                "defined_tags": {
                  "default_tags.CreatedBy": "oracleidentitycloudservice/jingsong.liu@oracle.com",
                  "default_tags.CreatedOn": "2023-01-05T06:37:11.659Z"
                },
                "display_name": "worker0",
                "freeform_tags": {},
                "hostname_label": "worker0",
                "nsg_ids": null,
                "private_ip": "10.0.0.100",
                "skip_source_dest_check": false,
                "subnet_id": "ocid1.subnet.oc1.ap-sydney-1.aaaaaaaaobjfpqfckgelqrb5x3syj22cobgynciukmjnszycffz3u45gflha",
                "vlan_id": ""
              }
            ],
            "dedicated_vm_host_id": null,
            "defined_tags": {
              "default_tags.CreatedBy": "oracleidentitycloudservice/jingsong.liu@oracle.com",
              "default_tags.CreatedOn": "2023-01-05T06:37:11.513Z"
            },
            "display_name": "worker0",
            "extended_metadata": null,
            "fault_domain": "FAULT-DOMAIN-3",
            "freeform_tags": {},
            "hostname_label": "worker0",
            "id": "ocid1.instance.oc1.ap-sydney-1.anzxsljrak7gbricii6hzxpmbntrythinwhziztzkyzoslbyj5rildlxnaxa",
            "image": "ocid1.image.oc1.ap-sydney-1.aaaaaaaa6ylo3qhq3m2pe77ct24m4z3eiazdstjly5n7bdxigziepn3535zq",
            "instance_options": [
              {
                "are_legacy_imds_endpoints_disabled": false
              }
            ],
            "ipxe_script": null,
            "is_pv_encryption_in_transit_enabled": null,
            "launch_mode": "PARAVIRTUALIZED",
            "launch_options": [
              {
                "boot_volume_type": "PARAVIRTUALIZED",
                "firmware": "BIOS",
                "is_consistent_volume_naming_enabled": false,
                "is_pv_encryption_in_transit_enabled": false,
                "network_type": "VFIO",
                "remote_data_volume_type": "PARAVIRTUALIZED"
              }
            ],
            "metadata": {
              "user_data": "ICB7ICAKICAiaWduaXRpb24iOiB7ICAKICAidmVyc2lvbiI6ICIzLjIuMCIsICAKICAiY29uZmlnIjogeyAgCiAgICAicmVwbGFjZSI6IHsgIAogICAgInNvdXJjZSI6ICJodHRwOi8vMTAuMC4wLjE3NTo4ODg4L3dvcmtlci5pZ24iCiAgICAKICAgIAogIH0gIAogIH0gIAogIH0gCiAgfQ=="
            },
            "platform_config": [],
            "preemptible_instance_config": [],
            "preserve_boot_volume": null,
            "private_ip": "10.0.0.100",
            "public_ip": "150.230.9.145",
            "region": "ap-sydney-1",
            "shape": "VM.Standard.E4.Flex",
            "shape_config": [
              {
                "baseline_ocpu_utilization": "",
                "gpu_description": "",
                "gpus": 0,
                "local_disk_description": "",
                "local_disks": 0,
                "local_disks_total_size_in_gbs": 0,
                "max_vnic_attachments": 2,
                "memory_in_gbs": 16,
                "networking_bandwidth_in_gbps": 2,
                "nvmes": 0,
                "ocpus": 2,
                "processor_description": "2.55 GHz AMD EPYC™ 7J13 (Milan)"
              }
            ],
            "source_details": [
              {
                "boot_volume_size_in_gbs": "111",
                "boot_volume_vpus_per_gb": "10",
                "kms_key_id": "",
                "source_id": "ocid1.image.oc1.ap-sydney-1.aaaaaaaa6ylo3qhq3m2pe77ct24m4z3eiazdstjly5n7bdxigziepn3535zq",
                "source_type": "image"
              }
            ],
            "state": "RUNNING",
            "subnet_id": "ocid1.subnet.oc1.ap-sydney-1.aaaaaaaaobjfpqfckgelqrb5x3syj22cobgynciukmjnszycffz3u45gflha",
            "system_tags": {},
            "time_created": "2023-01-05 06:37:12.036 +0000 UTC",
            "time_maintenance_reboot_due": "",
            "timeouts": null
          },
          "sensitive_attributes": [],
          "private": "eyJlMmJmYjczMC1lY2FhLTExZTYtOGY4OC0zNDM2M2JjN2M0YzAiOnsiY3JlYXRlIjoyNzAwMDAwMDAwMDAwLCJkZWxldGUiOjQ1MDAwMDAwMDAwMDAsInVwZGF0ZSI6MjcwMDAwMDAwMDAwMH19",
          "dependencies": [
            "data.template_file.workerIgn"
          ]
        }
      ]
    },
    {
      "mode": "managed",
      "type": "oci_core_instance",
      "name": "worker1",
      "provider": "provider[\"registry.terraform.io/hashicorp/oci\"]",
      "instances": [
        {
          "schema_version": 0,
          "attributes": {
            "agent_config": [
              {
                "are_all_plugins_disabled": false,
                "is_management_disabled": false,
                "is_monitoring_disabled": false,
                "plugins_config": [
                  {
                    "desired_state": "DISABLED",
                    "name": "Vulnerability Scanning"
                  },
                  {
                    "desired_state": "DISABLED",
                    "name": "Oracle Java Management Service"
                  },
                  {
                    "desired_state": "DISABLED",
                    "name": "Oracle Autonomous Linux"
                  },
                  {
                    "desired_state": "ENABLED",
                    "name": "OS Management Service Agent"
                  },
                  {
                    "desired_state": "DISABLED",
                    "name": "Management Agent"
                  },
                  {
                    "desired_state": "ENABLED",
                    "name": "Custom Logs Monitoring"
                  },
                  {
                    "desired_state": "ENABLED",
                    "name": "Compute Instance Run Command"
                  },
                  {
                    "desired_state": "ENABLED",
                    "name": "Compute Instance Monitoring"
                  },
                  {
                    "desired_state": "DISABLED",
                    "name": "Block Volume Management"
                  },
                  {
                    "desired_state": "DISABLED",
                    "name": "Bastion"
                  }
                ]
              }
            ],
            "async": null,
            "availability_config": [
              {
                "is_live_migration_preferred": false,
                "recovery_action": "RESTORE_INSTANCE"
              }
            ],
            "availability_domain": "bxtG:AP-SYDNEY-1-AD-1",
            "boot_volume_id": "ocid1.bootvolume.oc1.ap-sydney-1.abzxsljrgsp3eoy2coe5usq5vcod3dyff5xdd6e7htvomj535st7xakdi5ea",
            "capacity_reservation_id": null,
            "compartment_id": "ocid1.compartment.oc1..aaaaaaaahr7aicqtodxmcfor6pbqn3hvsngpftozyxzqw36gj4kh3w3kkj4q",
            "create_vnic_details": [
              {
                "assign_private_dns_record": true,
                "assign_public_ip": "true",
                "defined_tags": {
                  "default_tags.CreatedBy": "oracleidentitycloudservice/jingsong.liu@oracle.com",
                  "default_tags.CreatedOn": "2023-01-05T06:37:11.614Z"
                },
                "display_name": "worker1",
                "freeform_tags": {},
                "hostname_label": "worker1",
                "nsg_ids": null,
                "private_ip": "10.0.0.101",
                "skip_source_dest_check": false,
                "subnet_id": "ocid1.subnet.oc1.ap-sydney-1.aaaaaaaaobjfpqfckgelqrb5x3syj22cobgynciukmjnszycffz3u45gflha",
                "vlan_id": ""
              }
            ],
            "dedicated_vm_host_id": null,
            "defined_tags": {
              "default_tags.CreatedBy": "oracleidentitycloudservice/jingsong.liu@oracle.com",
              "default_tags.CreatedOn": "2023-01-05T06:37:11.466Z"
            },
            "display_name": "worker1",
            "extended_metadata": null,
            "fault_domain": "FAULT-DOMAIN-3",
            "freeform_tags": {},
            "hostname_label": "worker1",
            "id": "ocid1.instance.oc1.ap-sydney-1.anzxsljrak7gbricsh2wj3zxpejjmuidai6h4wvrjyqrd6im6lxftxqhgk2q",
            "image": "ocid1.image.oc1.ap-sydney-1.aaaaaaaa6ylo3qhq3m2pe77ct24m4z3eiazdstjly5n7bdxigziepn3535zq",
            "instance_options": [
              {
                "are_legacy_imds_endpoints_disabled": false
              }
            ],
            "ipxe_script": null,
            "is_pv_encryption_in_transit_enabled": null,
            "launch_mode": "PARAVIRTUALIZED",
            "launch_options": [
              {
                "boot_volume_type": "PARAVIRTUALIZED",
                "firmware": "BIOS",
                "is_consistent_volume_naming_enabled": false,
                "is_pv_encryption_in_transit_enabled": false,
                "network_type": "VFIO",
                "remote_data_volume_type": "PARAVIRTUALIZED"
              }
            ],
            "metadata": {
              "user_data": "ICB7ICAKICAiaWduaXRpb24iOiB7ICAKICAidmVyc2lvbiI6ICIzLjIuMCIsICAKICAiY29uZmlnIjogeyAgCiAgICAicmVwbGFjZSI6IHsgIAogICAgInNvdXJjZSI6ICJodHRwOi8vMTAuMC4wLjE3NTo4ODg4L3dvcmtlci5pZ24iCiAgICAKICAgIAogIH0gIAogIH0gIAogIH0gCiAgfQ=="
            },
            "platform_config": [],
            "preemptible_instance_config": [],
            "preserve_boot_volume": null,
            "private_ip": "10.0.0.101",
            "public_ip": "152.67.98.185",
            "region": "ap-sydney-1",
            "shape": "VM.Standard.E4.Flex",
            "shape_config": [
              {
                "baseline_ocpu_utilization": "",
                "gpu_description": "",
                "gpus": 0,
                "local_disk_description": "",
                "local_disks": 0,
                "local_disks_total_size_in_gbs": 0,
                "max_vnic_attachments": 2,
                "memory_in_gbs": 16,
                "networking_bandwidth_in_gbps": 2,
                "nvmes": 0,
                "ocpus": 2,
                "processor_description": "2.55 GHz AMD EPYC™ 7J13 (Milan)"
              }
            ],
            "source_details": [
              {
                "boot_volume_size_in_gbs": "111",
                "boot_volume_vpus_per_gb": "10",
                "kms_key_id": "",
                "source_id": "ocid1.image.oc1.ap-sydney-1.aaaaaaaa6ylo3qhq3m2pe77ct24m4z3eiazdstjly5n7bdxigziepn3535zq",
                "source_type": "image"
              }
            ],
            "state": "RUNNING",
            "subnet_id": "ocid1.subnet.oc1.ap-sydney-1.aaaaaaaaobjfpqfckgelqrb5x3syj22cobgynciukmjnszycffz3u45gflha",
            "system_tags": {},
            "time_created": "2023-01-05 06:37:11.946 +0000 UTC",
            "time_maintenance_reboot_due": "",
            "timeouts": null
          },
          "sensitive_attributes": [],
          "private": "eyJlMmJmYjczMC1lY2FhLTExZTYtOGY4OC0zNDM2M2JjN2M0YzAiOnsiY3JlYXRlIjoyNzAwMDAwMDAwMDAwLCJkZWxldGUiOjQ1MDAwMDAwMDAwMDAsInVwZGF0ZSI6MjcwMDAwMDAwMDAwMH19",
          "dependencies": [
            "data.template_file.workerIgn"
          ]
        }
      ]
    }
  ],
  "check_results": null
}
