{
  "version": 4,
  "terraform_version": "1.3.6",
  "serial": 1501,
  "lineage": "aac590c4-cb8a-94b9-fcab-7176e1a412c9",
  "outputs": {},
  "resources": [
    {
      "mode": "data",
      "type": "oci_network_load_balancer_network_load_balancer",
      "name": "api_network_load_balancer",
      "provider": "provider[\"registry.terraform.io/hashicorp/oci\"]",
      "instances": [
        {
          "schema_version": 0,
          "attributes": {
            "compartment_id": "ocid1.compartment.oc1..aaaaaaaahr7aicqtodxmcfor6pbqn3hvsngpftozyxzqw36gj4kh3w3kkj4q",
            "defined_tags": {
              "default_tags.CreatedBy": "oracleidentitycloudservice/jingsong.liu@oracle.com",
              "default_tags.CreatedOn": "2023-01-05T06:34:16.944Z"
            },
            "display_name": "api-ocp-nlb",
            "freeform_tags": {},
            "id": "ocid1.networkloadbalancer.oc1.ap-sydney-1.amaaaaaaak7gbriai3dgcncsylg3lukfed5efqxt3nigznuytccbnust4o2a",
            "ip_addresses": [
              {
                "ip_address": "152.67.110.86",
                "ip_version": "IPV4",
                "is_public": true,
                "reserved_ip": []
              },
              {
                "ip_address": "10.0.0.195",
                "ip_version": "IPV4",
                "is_public": false,
                "reserved_ip": []
              }
            ],
            "is_preserve_source_destination": false,
            "is_private": false,
            "lifecycle_details": null,
            "network_load_balancer_id": "ocid1.networkloadbalancer.oc1.ap-sydney-1.amaaaaaaak7gbriai3dgcncsylg3lukfed5efqxt3nigznuytccbnust4o2a",
            "network_security_group_ids": [],
            "nlb_ip_version": "IPV4",
            "reserved_ips": null,
            "state": "ACTIVE",
            "subnet_id": "ocid1.subnet.oc1.ap-sydney-1.aaaaaaaaobjfpqfckgelqrb5x3syj22cobgynciukmjnszycffz3u45gflha",
            "system_tags": {
              "orcl-cloud.free-tier-retained": "true"
            },
            "time_created": "2023-01-05 06:34:17 +0000 UTC",
            "time_updated": "2023-01-05 06:34:31 +0000 UTC"
          },
          "sensitive_attributes": []
        }
      ]
    },
    {
      "mode": "data",
      "type": "oci_network_load_balancer_network_load_balancer",
      "name": "apps_network_load_balancer",
      "provider": "provider[\"registry.terraform.io/hashicorp/oci\"]",
      "instances": [
        {
          "schema_version": 0,
          "attributes": {
            "compartment_id": "ocid1.compartment.oc1..aaaaaaaahr7aicqtodxmcfor6pbqn3hvsngpftozyxzqw36gj4kh3w3kkj4q",
            "defined_tags": {
              "default_tags.CreatedBy": "oracleidentitycloudservice/jingsong.liu@oracle.com",
              "default_tags.CreatedOn": "2023-01-05T06:34:16.952Z"
            },
            "display_name": "apps-ocp-nlb",
            "freeform_tags": {},
            "id": "ocid1.networkloadbalancer.oc1.ap-sydney-1.amaaaaaaak7gbriahy3cpn4o7icx5ybyq5mydtt5ocyghm5l3xqh4btmtdkq",
            "ip_addresses": [
              {
                "ip_address": "152.67.100.235",
                "ip_version": "IPV4",
                "is_public": true,
                "reserved_ip": []
              },
              {
                "ip_address": "10.0.0.243",
                "ip_version": "IPV4",
                "is_public": false,
                "reserved_ip": []
              }
            ],
            "is_preserve_source_destination": false,
            "is_private": false,
            "lifecycle_details": null,
            "network_load_balancer_id": "ocid1.networkloadbalancer.oc1.ap-sydney-1.amaaaaaaak7gbriahy3cpn4o7icx5ybyq5mydtt5ocyghm5l3xqh4btmtdkq",
            "network_security_group_ids": [],
            "nlb_ip_version": "IPV4",
            "reserved_ips": null,
            "state": "ACTIVE",
            "subnet_id": "ocid1.subnet.oc1.ap-sydney-1.aaaaaaaaobjfpqfckgelqrb5x3syj22cobgynciukmjnszycffz3u45gflha",
            "system_tags": {
              "orcl-cloud.free-tier-retained": "true"
            },
            "time_created": "2023-01-05 06:34:17 +0000 UTC",
            "time_updated": "2023-01-05 06:34:31 +0000 UTC"
          },
          "sensitive_attributes": []
        }
      ]
    },
    {
      "mode": "managed",
      "type": "oci_dns_rrset",
      "name": "api_ptr",
      "provider": "provider[\"registry.terraform.io/hashicorp/oci\"]",
      "instances": [
        {
          "schema_version": 0,
          "attributes": {
            "compartment_id": "ocid1.compartment.oc1..aaaaaaaahr7aicqtodxmcfor6pbqn3hvsngpftozyxzqw36gj4kh3w3kkj4q",
            "domain": "195.0.0.10.in-addr.arpa",
            "id": "zoneNameOrId/ocid1.dns-zone.oc1.ap-sydney-1.aaaaaaaaanzjv46kwt6g72m3jowv5ezxgyteaemrpy7ucsm2al3pm6kne5oq/domain/195.0.0.10.in-addr.arpa/rtype/PTR",
            "items": [
              {
                "domain": "195.0.0.10.in-addr.arpa",
                "is_protected": false,
                "rdata": "api-int.c4.js.s.",
                "record_hash": "8d6e9d53d8bc1b2637365c49ad0544f9",
                "rrset_version": "8",
                "rtype": "PTR",
                "ttl": 3600
              },
              {
                "domain": "195.0.0.10.in-addr.arpa",
                "is_protected": false,
                "rdata": "api.c4.js.s.",
                "record_hash": "49ed31f53011cbfe2bc2b26b208300ca",
                "rrset_version": "8",
                "rtype": "PTR",
                "ttl": 3600
              }
            ],
            "rtype": "PTR",
            "scope": "PRIVATE",
            "timeouts": null,
            "view_id": "ocid1.dnsview.oc1.ap-sydney-1.aaaaaaaa3sm4pc3i77kyzqf3feypywp643psinrfvtsaxv3hmg4obr63buea",
            "zone_name_or_id": "ocid1.dns-zone.oc1.ap-sydney-1.aaaaaaaaanzjv46kwt6g72m3jowv5ezxgyteaemrpy7ucsm2al3pm6kne5oq"
          },
          "sensitive_attributes": [],
          "private": "eyJlMmJmYjczMC1lY2FhLTExZTYtOGY4OC0zNDM2M2JjN2M0YzAiOnsiY3JlYXRlIjoxMjAwMDAwMDAwMDAwLCJkZWxldGUiOjEyMDAwMDAwMDAwMDAsInVwZGF0ZSI6MTIwMDAwMDAwMDAwMH19",
          "dependencies": [
            "data.oci_network_load_balancer_network_load_balancer.api_network_load_balancer",
            "oci_dns_zone.ocp_zone",
            "oci_dns_zone.test_zone_ptr",
            "oci_network_load_balancer_network_load_balancer.api_network_load_balancer"
          ]
        }
      ]
    },
    {
      "mode": "managed",
      "type": "oci_dns_rrset",
      "name": "api_rr",
      "provider": "provider[\"registry.terraform.io/hashicorp/oci\"]",
      "instances": [
        {
          "schema_version": 0,
          "attributes": {
            "compartment_id": "ocid1.compartment.oc1..aaaaaaaahr7aicqtodxmcfor6pbqn3hvsngpftozyxzqw36gj4kh3w3kkj4q",
            "domain": "api.c4.js.s",
            "id": "zoneNameOrId/ocid1.dns-zone.oc1.ap-sydney-1.aaaaaaaa3dszkefktjif2kkgbhxplnj66s35s2xgtoa3ntz4n33ifxon7ffa/domain/api.c4.js.s/rtype/A",
            "items": [
              {
                "domain": "api.c4.js.s",
                "is_protected": false,
                "rdata": "152.67.110.86",
                "record_hash": "196dfd89b862005928989cce45873b68",
                "rrset_version": "10",
                "rtype": "A",
                "ttl": 3600
              }
            ],
            "rtype": "A",
            "scope": "PRIVATE",
            "timeouts": null,
            "view_id": "ocid1.dnsview.oc1.ap-sydney-1.aaaaaaaa3sm4pc3i77kyzqf3feypywp643psinrfvtsaxv3hmg4obr63buea",
            "zone_name_or_id": "ocid1.dns-zone.oc1.ap-sydney-1.aaaaaaaa3dszkefktjif2kkgbhxplnj66s35s2xgtoa3ntz4n33ifxon7ffa"
          },
          "sensitive_attributes": [],
          "private": "eyJlMmJmYjczMC1lY2FhLTExZTYtOGY4OC0zNDM2M2JjN2M0YzAiOnsiY3JlYXRlIjoxMjAwMDAwMDAwMDAwLCJkZWxldGUiOjEyMDAwMDAwMDAwMDAsInVwZGF0ZSI6MTIwMDAwMDAwMDAwMH19",
          "dependencies": [
            "data.oci_network_load_balancer_network_load_balancer.api_network_load_balancer",
            "oci_dns_zone.ocp_zone",
            "oci_network_load_balancer_network_load_balancer.api_network_load_balancer"
          ]
        }
      ]
    },
    {
      "mode": "managed",
      "type": "oci_dns_rrset",
      "name": "apiint_rr",
      "provider": "provider[\"registry.terraform.io/hashicorp/oci\"]",
      "instances": [
        {
          "schema_version": 0,
          "attributes": {
            "compartment_id": "ocid1.compartment.oc1..aaaaaaaahr7aicqtodxmcfor6pbqn3hvsngpftozyxzqw36gj4kh3w3kkj4q",
            "domain": "api-int.c4.js.s",
            "id": "zoneNameOrId/ocid1.dns-zone.oc1.ap-sydney-1.aaaaaaaa3dszkefktjif2kkgbhxplnj66s35s2xgtoa3ntz4n33ifxon7ffa/domain/api-int.c4.js.s/rtype/A",
            "items": [
              {
                "domain": "api-int.c4.js.s",
                "is_protected": false,
                "rdata": "152.67.110.86",
                "record_hash": "61fc02df7f4251ce04757a47f231b4d7",
                "rrset_version": "9",
                "rtype": "A",
                "ttl": 3600
              }
            ],
            "rtype": "A",
            "scope": "PRIVATE",
            "timeouts": null,
            "view_id": "ocid1.dnsview.oc1.ap-sydney-1.aaaaaaaa3sm4pc3i77kyzqf3feypywp643psinrfvtsaxv3hmg4obr63buea",
            "zone_name_or_id": "ocid1.dns-zone.oc1.ap-sydney-1.aaaaaaaa3dszkefktjif2kkgbhxplnj66s35s2xgtoa3ntz4n33ifxon7ffa"
          },
          "sensitive_attributes": [],
          "private": "eyJlMmJmYjczMC1lY2FhLTExZTYtOGY4OC0zNDM2M2JjN2M0YzAiOnsiY3JlYXRlIjoxMjAwMDAwMDAwMDAwLCJkZWxldGUiOjEyMDAwMDAwMDAwMDAsInVwZGF0ZSI6MTIwMDAwMDAwMDAwMH19",
          "dependencies": [
            "data.oci_network_load_balancer_network_load_balancer.api_network_load_balancer",
            "oci_dns_zone.ocp_zone",
            "oci_network_load_balancer_network_load_balancer.api_network_load_balancer"
          ]
        }
      ]
    },
    {
      "mode": "managed",
      "type": "oci_dns_rrset",
      "name": "bootstrap_rr",
      "provider": "provider[\"registry.terraform.io/hashicorp/oci\"]",
      "instances": [
        {
          "schema_version": 0,
          "attributes": {
            "compartment_id": "ocid1.compartment.oc1..aaaaaaaahr7aicqtodxmcfor6pbqn3hvsngpftozyxzqw36gj4kh3w3kkj4q",
            "domain": "bootstrap.c4.js.s",
            "id": "zoneNameOrId/ocid1.dns-zone.oc1.ap-sydney-1.aaaaaaaa3dszkefktjif2kkgbhxplnj66s35s2xgtoa3ntz4n33ifxon7ffa/domain/bootstrap.c4.js.s/rtype/A",
            "items": [
              {
                "domain": "bootstrap.c4.js.s",
                "is_protected": false,
                "rdata": "10.0.0.89",
                "record_hash": "0e9ccfa92c82fb3e715385024c027637",
                "rrset_version": "7",
                "rtype": "A",
                "ttl": 3600
              }
            ],
            "rtype": "A",
            "scope": "PRIVATE",
            "timeouts": null,
            "view_id": "ocid1.dnsview.oc1.ap-sydney-1.aaaaaaaa3sm4pc3i77kyzqf3feypywp643psinrfvtsaxv3hmg4obr63buea",
            "zone_name_or_id": "ocid1.dns-zone.oc1.ap-sydney-1.aaaaaaaa3dszkefktjif2kkgbhxplnj66s35s2xgtoa3ntz4n33ifxon7ffa"
          },
          "sensitive_attributes": [],
          "private": "eyJlMmJmYjczMC1lY2FhLTExZTYtOGY4OC0zNDM2M2JjN2M0YzAiOnsiY3JlYXRlIjoxMjAwMDAwMDAwMDAwLCJkZWxldGUiOjEyMDAwMDAwMDAwMDAsInVwZGF0ZSI6MTIwMDAwMDAwMDAwMH19",
          "dependencies": [
            "oci_dns_zone.ocp_zone"
          ]
        }
      ]
    },
    {
      "mode": "managed",
      "type": "oci_dns_rrset",
      "name": "bs_ptr",
      "provider": "provider[\"registry.terraform.io/hashicorp/oci\"]",
      "instances": [
        {
          "schema_version": 0,
          "attributes": {
            "compartment_id": "ocid1.compartment.oc1..aaaaaaaahr7aicqtodxmcfor6pbqn3hvsngpftozyxzqw36gj4kh3w3kkj4q",
            "domain": "89.0.0.10.in-addr.arpa",
            "id": "zoneNameOrId/ocid1.dns-zone.oc1.ap-sydney-1.aaaaaaaaanzjv46kwt6g72m3jowv5ezxgyteaemrpy7ucsm2al3pm6kne5oq/domain/89.0.0.10.in-addr.arpa/rtype/PTR",
            "items": [
              {
                "domain": "89.0.0.10.in-addr.arpa",
                "is_protected": false,
                "rdata": "bootstrap.c4.js.s.",
                "record_hash": "e5411599a65c352798077c19135b53b1",
                "rrset_version": "5",
                "rtype": "PTR",
                "ttl": 3600
              }
            ],
            "rtype": "PTR",
            "scope": "PRIVATE",
            "timeouts": null,
            "view_id": "ocid1.dnsview.oc1.ap-sydney-1.aaaaaaaa3sm4pc3i77kyzqf3feypywp643psinrfvtsaxv3hmg4obr63buea",
            "zone_name_or_id": "ocid1.dns-zone.oc1.ap-sydney-1.aaaaaaaaanzjv46kwt6g72m3jowv5ezxgyteaemrpy7ucsm2al3pm6kne5oq"
          },
          "sensitive_attributes": [],
          "private": "eyJlMmJmYjczMC1lY2FhLTExZTYtOGY4OC0zNDM2M2JjN2M0YzAiOnsiY3JlYXRlIjoxMjAwMDAwMDAwMDAwLCJkZWxldGUiOjEyMDAwMDAwMDAwMDAsInVwZGF0ZSI6MTIwMDAwMDAwMDAwMH19",
          "dependencies": [
            "oci_dns_zone.ocp_zone",
            "oci_dns_zone.test_zone_ptr"
          ]
        }
      ]
    },
    {
      "mode": "managed",
      "type": "oci_dns_rrset",
      "name": "generic_rr",
      "provider": "provider[\"registry.terraform.io/hashicorp/oci\"]",
      "instances": [
        {
          "schema_version": 0,
          "attributes": {
            "compartment_id": "ocid1.compartment.oc1..aaaaaaaahr7aicqtodxmcfor6pbqn3hvsngpftozyxzqw36gj4kh3w3kkj4q",
            "domain": "*.apps.c4.js.s",
            "id": "zoneNameOrId/ocid1.dns-zone.oc1.ap-sydney-1.aaaaaaaa3dszkefktjif2kkgbhxplnj66s35s2xgtoa3ntz4n33ifxon7ffa/domain/%2A.apps.c4.js.s/rtype/A",
            "items": [
              {
                "domain": "*.apps.c4.js.s",
                "is_protected": false,
                "rdata": "152.67.100.235",
                "record_hash": "f8690323b2b8b6d4a55f394051c722cb",
                "rrset_version": "8",
                "rtype": "A",
                "ttl": 3600
              }
            ],
            "rtype": "A",
            "scope": "PRIVATE",
            "timeouts": null,
            "view_id": "ocid1.dnsview.oc1.ap-sydney-1.aaaaaaaa3sm4pc3i77kyzqf3feypywp643psinrfvtsaxv3hmg4obr63buea",
            "zone_name_or_id": "ocid1.dns-zone.oc1.ap-sydney-1.aaaaaaaa3dszkefktjif2kkgbhxplnj66s35s2xgtoa3ntz4n33ifxon7ffa"
          },
          "sensitive_attributes": [],
          "private": "eyJlMmJmYjczMC1lY2FhLTExZTYtOGY4OC0zNDM2M2JjN2M0YzAiOnsiY3JlYXRlIjoxMjAwMDAwMDAwMDAwLCJkZWxldGUiOjEyMDAwMDAwMDAwMDAsInVwZGF0ZSI6MTIwMDAwMDAwMDAwMH19",
          "dependencies": [
            "data.oci_network_load_balancer_network_load_balancer.apps_network_load_balancer",
            "oci_dns_zone.ocp_zone",
            "oci_network_load_balancer_network_load_balancer.apps_network_load_balancer"
          ]
        }
      ]
    },
    {
      "mode": "managed",
      "type": "oci_dns_rrset",
      "name": "master0",
      "provider": "provider[\"registry.terraform.io/hashicorp/oci\"]",
      "instances": [
        {
          "schema_version": 0,
          "attributes": {
            "compartment_id": "ocid1.compartment.oc1..aaaaaaaahr7aicqtodxmcfor6pbqn3hvsngpftozyxzqw36gj4kh3w3kkj4q",
            "domain": "master0.c4.js.s",
            "id": "zoneNameOrId/ocid1.dns-zone.oc1.ap-sydney-1.aaaaaaaa3dszkefktjif2kkgbhxplnj66s35s2xgtoa3ntz4n33ifxon7ffa/domain/master0.c4.js.s/rtype/A",
            "items": [
              {
                "domain": "master0.c4.js.s",
                "is_protected": false,
                "rdata": "10.0.0.90",
                "record_hash": "ac6e7c0d992fd15f72850ff984107ccb",
                "rrset_version": "6",
                "rtype": "A",
                "ttl": 3600
              }
            ],
            "rtype": "A",
            "scope": "PRIVATE",
            "timeouts": null,
            "view_id": "ocid1.dnsview.oc1.ap-sydney-1.aaaaaaaa3sm4pc3i77kyzqf3feypywp643psinrfvtsaxv3hmg4obr63buea",
            "zone_name_or_id": "ocid1.dns-zone.oc1.ap-sydney-1.aaaaaaaa3dszkefktjif2kkgbhxplnj66s35s2xgtoa3ntz4n33ifxon7ffa"
          },
          "sensitive_attributes": [],
          "private": "eyJlMmJmYjczMC1lY2FhLTExZTYtOGY4OC0zNDM2M2JjN2M0YzAiOnsiY3JlYXRlIjoxMjAwMDAwMDAwMDAwLCJkZWxldGUiOjEyMDAwMDAwMDAwMDAsInVwZGF0ZSI6MTIwMDAwMDAwMDAwMH19",
          "dependencies": [
            "oci_dns_zone.ocp_zone"
          ]
        }
      ]
    },
    {
      "mode": "managed",
      "type": "oci_dns_rrset",
      "name": "master0_ptr",
      "provider": "provider[\"registry.terraform.io/hashicorp/oci\"]",
      "instances": [
        {
          "schema_version": 0,
          "attributes": {
            "compartment_id": "ocid1.compartment.oc1..aaaaaaaahr7aicqtodxmcfor6pbqn3hvsngpftozyxzqw36gj4kh3w3kkj4q",
            "domain": "90.0.0.10.in-addr.arpa",
            "id": "zoneNameOrId/ocid1.dns-zone.oc1.ap-sydney-1.aaaaaaaaanzjv46kwt6g72m3jowv5ezxgyteaemrpy7ucsm2al3pm6kne5oq/domain/90.0.0.10.in-addr.arpa/rtype/PTR",
            "items": [
              {
                "domain": "90.0.0.10.in-addr.arpa",
                "is_protected": false,
                "rdata": "master0.c4.js.s.",
                "record_hash": "561eef74e5d936377d5f3d51dd0b7877",
                "rrset_version": "2",
                "rtype": "PTR",
                "ttl": 3600
              }
            ],
            "rtype": "PTR",
            "scope": "PRIVATE",
            "timeouts": null,
            "view_id": "ocid1.dnsview.oc1.ap-sydney-1.aaaaaaaa3sm4pc3i77kyzqf3feypywp643psinrfvtsaxv3hmg4obr63buea",
            "zone_name_or_id": "ocid1.dns-zone.oc1.ap-sydney-1.aaaaaaaaanzjv46kwt6g72m3jowv5ezxgyteaemrpy7ucsm2al3pm6kne5oq"
          },
          "sensitive_attributes": [],
          "private": "eyJlMmJmYjczMC1lY2FhLTExZTYtOGY4OC0zNDM2M2JjN2M0YzAiOnsiY3JlYXRlIjoxMjAwMDAwMDAwMDAwLCJkZWxldGUiOjEyMDAwMDAwMDAwMDAsInVwZGF0ZSI6MTIwMDAwMDAwMDAwMH19",
          "dependencies": [
            "oci_dns_zone.ocp_zone",
            "oci_dns_zone.test_zone_ptr"
          ]
        }
      ]
    },
    {
      "mode": "managed",
      "type": "oci_dns_rrset",
      "name": "master1",
      "provider": "provider[\"registry.terraform.io/hashicorp/oci\"]",
      "instances": [
        {
          "schema_version": 0,
          "attributes": {
            "compartment_id": "ocid1.compartment.oc1..aaaaaaaahr7aicqtodxmcfor6pbqn3hvsngpftozyxzqw36gj4kh3w3kkj4q",
            "domain": "master1.c4.js.s",
            "id": "zoneNameOrId/ocid1.dns-zone.oc1.ap-sydney-1.aaaaaaaa3dszkefktjif2kkgbhxplnj66s35s2xgtoa3ntz4n33ifxon7ffa/domain/master1.c4.js.s/rtype/A",
            "items": [
              {
                "domain": "master1.c4.js.s",
                "is_protected": false,
                "rdata": "10.0.0.91",
                "record_hash": "4f576a398c95f1594235de6e87588865",
                "rrset_version": "3",
                "rtype": "A",
                "ttl": 3600
              }
            ],
            "rtype": "A",
            "scope": "PRIVATE",
            "timeouts": null,
            "view_id": "ocid1.dnsview.oc1.ap-sydney-1.aaaaaaaa3sm4pc3i77kyzqf3feypywp643psinrfvtsaxv3hmg4obr63buea",
            "zone_name_or_id": "ocid1.dns-zone.oc1.ap-sydney-1.aaaaaaaa3dszkefktjif2kkgbhxplnj66s35s2xgtoa3ntz4n33ifxon7ffa"
          },
          "sensitive_attributes": [],
          "private": "eyJlMmJmYjczMC1lY2FhLTExZTYtOGY4OC0zNDM2M2JjN2M0YzAiOnsiY3JlYXRlIjoxMjAwMDAwMDAwMDAwLCJkZWxldGUiOjEyMDAwMDAwMDAwMDAsInVwZGF0ZSI6MTIwMDAwMDAwMDAwMH19",
          "dependencies": [
            "oci_dns_zone.ocp_zone"
          ]
        }
      ]
    },
    {
      "mode": "managed",
      "type": "oci_dns_rrset",
      "name": "master1_ptr",
      "provider": "provider[\"registry.terraform.io/hashicorp/oci\"]",
      "instances": [
        {
          "schema_version": 0,
          "attributes": {
            "compartment_id": "ocid1.compartment.oc1..aaaaaaaahr7aicqtodxmcfor6pbqn3hvsngpftozyxzqw36gj4kh3w3kkj4q",
            "domain": "91.0.0.10.in-addr.arpa",
            "id": "zoneNameOrId/ocid1.dns-zone.oc1.ap-sydney-1.aaaaaaaaanzjv46kwt6g72m3jowv5ezxgyteaemrpy7ucsm2al3pm6kne5oq/domain/91.0.0.10.in-addr.arpa/rtype/PTR",
            "items": [
              {
                "domain": "91.0.0.10.in-addr.arpa",
                "is_protected": false,
                "rdata": "master1.c4.js.s.",
                "record_hash": "0b55fc318f1516ed3e7237b381bcdaa8",
                "rrset_version": "7",
                "rtype": "PTR",
                "ttl": 3600
              }
            ],
            "rtype": "PTR",
            "scope": "PRIVATE",
            "timeouts": null,
            "view_id": "ocid1.dnsview.oc1.ap-sydney-1.aaaaaaaa3sm4pc3i77kyzqf3feypywp643psinrfvtsaxv3hmg4obr63buea",
            "zone_name_or_id": "ocid1.dns-zone.oc1.ap-sydney-1.aaaaaaaaanzjv46kwt6g72m3jowv5ezxgyteaemrpy7ucsm2al3pm6kne5oq"
          },
          "sensitive_attributes": [],
          "private": "eyJlMmJmYjczMC1lY2FhLTExZTYtOGY4OC0zNDM2M2JjN2M0YzAiOnsiY3JlYXRlIjoxMjAwMDAwMDAwMDAwLCJkZWxldGUiOjEyMDAwMDAwMDAwMDAsInVwZGF0ZSI6MTIwMDAwMDAwMDAwMH19",
          "dependencies": [
            "oci_dns_zone.ocp_zone",
            "oci_dns_zone.test_zone_ptr"
          ]
        }
      ]
    },
    {
      "mode": "managed",
      "type": "oci_dns_rrset",
      "name": "master2",
      "provider": "provider[\"registry.terraform.io/hashicorp/oci\"]",
      "instances": [
        {
          "schema_version": 0,
          "attributes": {
            "compartment_id": "ocid1.compartment.oc1..aaaaaaaahr7aicqtodxmcfor6pbqn3hvsngpftozyxzqw36gj4kh3w3kkj4q",
            "domain": "master2.c4.js.s",
            "id": "zoneNameOrId/ocid1.dns-zone.oc1.ap-sydney-1.aaaaaaaa3dszkefktjif2kkgbhxplnj66s35s2xgtoa3ntz4n33ifxon7ffa/domain/master2.c4.js.s/rtype/A",
            "items": [
              {
                "domain": "master2.c4.js.s",
                "is_protected": false,
                "rdata": "10.0.0.92",
                "record_hash": "a28e097372ce3cf8fe491920b9e71860",
                "rrset_version": "5",
                "rtype": "A",
                "ttl": 3600
              }
            ],
            "rtype": "A",
            "scope": "PRIVATE",
            "timeouts": null,
            "view_id": "ocid1.dnsview.oc1.ap-sydney-1.aaaaaaaa3sm4pc3i77kyzqf3feypywp643psinrfvtsaxv3hmg4obr63buea",
            "zone_name_or_id": "ocid1.dns-zone.oc1.ap-sydney-1.aaaaaaaa3dszkefktjif2kkgbhxplnj66s35s2xgtoa3ntz4n33ifxon7ffa"
          },
          "sensitive_attributes": [],
          "private": "eyJlMmJmYjczMC1lY2FhLTExZTYtOGY4OC0zNDM2M2JjN2M0YzAiOnsiY3JlYXRlIjoxMjAwMDAwMDAwMDAwLCJkZWxldGUiOjEyMDAwMDAwMDAwMDAsInVwZGF0ZSI6MTIwMDAwMDAwMDAwMH19",
          "dependencies": [
            "oci_dns_zone.ocp_zone"
          ]
        }
      ]
    },
    {
      "mode": "managed",
      "type": "oci_dns_rrset",
      "name": "master2_ptr",
      "provider": "provider[\"registry.terraform.io/hashicorp/oci\"]",
      "instances": [
        {
          "schema_version": 0,
          "attributes": {
            "compartment_id": "ocid1.compartment.oc1..aaaaaaaahr7aicqtodxmcfor6pbqn3hvsngpftozyxzqw36gj4kh3w3kkj4q",
            "domain": "92.0.0.10.in-addr.arpa",
            "id": "zoneNameOrId/ocid1.dns-zone.oc1.ap-sydney-1.aaaaaaaaanzjv46kwt6g72m3jowv5ezxgyteaemrpy7ucsm2al3pm6kne5oq/domain/92.0.0.10.in-addr.arpa/rtype/PTR",
            "items": [
              {
                "domain": "92.0.0.10.in-addr.arpa",
                "is_protected": false,
                "rdata": "master2.c4.js.s.",
                "record_hash": "3f8827cd7a884605dabb9e482ea9b77a",
                "rrset_version": "6",
                "rtype": "PTR",
                "ttl": 3600
              }
            ],
            "rtype": "PTR",
            "scope": "PRIVATE",
            "timeouts": null,
            "view_id": "ocid1.dnsview.oc1.ap-sydney-1.aaaaaaaa3sm4pc3i77kyzqf3feypywp643psinrfvtsaxv3hmg4obr63buea",
            "zone_name_or_id": "ocid1.dns-zone.oc1.ap-sydney-1.aaaaaaaaanzjv46kwt6g72m3jowv5ezxgyteaemrpy7ucsm2al3pm6kne5oq"
          },
          "sensitive_attributes": [],
          "private": "eyJlMmJmYjczMC1lY2FhLTExZTYtOGY4OC0zNDM2M2JjN2M0YzAiOnsiY3JlYXRlIjoxMjAwMDAwMDAwMDAwLCJkZWxldGUiOjEyMDAwMDAwMDAwMDAsInVwZGF0ZSI6MTIwMDAwMDAwMDAwMH19",
          "dependencies": [
            "oci_dns_zone.ocp_zone",
            "oci_dns_zone.test_zone_ptr"
          ]
        }
      ]
    },
    {
      "mode": "managed",
      "type": "oci_dns_rrset",
      "name": "worker0",
      "provider": "provider[\"registry.terraform.io/hashicorp/oci\"]",
      "instances": [
        {
          "schema_version": 0,
          "attributes": {
            "compartment_id": "ocid1.compartment.oc1..aaaaaaaahr7aicqtodxmcfor6pbqn3hvsngpftozyxzqw36gj4kh3w3kkj4q",
            "domain": "worker0.c4.js.s",
            "id": "zoneNameOrId/ocid1.dns-zone.oc1.ap-sydney-1.aaaaaaaa3dszkefktjif2kkgbhxplnj66s35s2xgtoa3ntz4n33ifxon7ffa/domain/worker0.c4.js.s/rtype/A",
            "items": [
              {
                "domain": "worker0.c4.js.s",
                "is_protected": false,
                "rdata": "10.0.0.100",
                "record_hash": "ed8f077bdcc20b9d557233936e098ced",
                "rrset_version": "4",
                "rtype": "A",
                "ttl": 3600
              }
            ],
            "rtype": "A",
            "scope": "PRIVATE",
            "timeouts": null,
            "view_id": "ocid1.dnsview.oc1.ap-sydney-1.aaaaaaaa3sm4pc3i77kyzqf3feypywp643psinrfvtsaxv3hmg4obr63buea",
            "zone_name_or_id": "ocid1.dns-zone.oc1.ap-sydney-1.aaaaaaaa3dszkefktjif2kkgbhxplnj66s35s2xgtoa3ntz4n33ifxon7ffa"
          },
          "sensitive_attributes": [],
          "private": "eyJlMmJmYjczMC1lY2FhLTExZTYtOGY4OC0zNDM2M2JjN2M0YzAiOnsiY3JlYXRlIjoxMjAwMDAwMDAwMDAwLCJkZWxldGUiOjEyMDAwMDAwMDAwMDAsInVwZGF0ZSI6MTIwMDAwMDAwMDAwMH19",
          "dependencies": [
            "oci_dns_zone.ocp_zone"
          ]
        }
      ]
    },
    {
      "mode": "managed",
      "type": "oci_dns_rrset",
      "name": "worker0_ptr",
      "provider": "provider[\"registry.terraform.io/hashicorp/oci\"]",
      "instances": [
        {
          "schema_version": 0,
          "attributes": {
            "compartment_id": "ocid1.compartment.oc1..aaaaaaaahr7aicqtodxmcfor6pbqn3hvsngpftozyxzqw36gj4kh3w3kkj4q",
            "domain": "100.0.0.10.in-addr.arpa",
            "id": "zoneNameOrId/ocid1.dns-zone.oc1.ap-sydney-1.aaaaaaaaanzjv46kwt6g72m3jowv5ezxgyteaemrpy7ucsm2al3pm6kne5oq/domain/100.0.0.10.in-addr.arpa/rtype/PTR",
            "items": [
              {
                "domain": "100.0.0.10.in-addr.arpa",
                "is_protected": false,
                "rdata": "worker0.c4.js.s.",
                "record_hash": "3cb5eb82e6aec7d3804ee042f4fd9780",
                "rrset_version": "3",
                "rtype": "PTR",
                "ttl": 3600
              }
            ],
            "rtype": "PTR",
            "scope": "PRIVATE",
            "timeouts": null,
            "view_id": "ocid1.dnsview.oc1.ap-sydney-1.aaaaaaaa3sm4pc3i77kyzqf3feypywp643psinrfvtsaxv3hmg4obr63buea",
            "zone_name_or_id": "ocid1.dns-zone.oc1.ap-sydney-1.aaaaaaaaanzjv46kwt6g72m3jowv5ezxgyteaemrpy7ucsm2al3pm6kne5oq"
          },
          "sensitive_attributes": [],
          "private": "eyJlMmJmYjczMC1lY2FhLTExZTYtOGY4OC0zNDM2M2JjN2M0YzAiOnsiY3JlYXRlIjoxMjAwMDAwMDAwMDAwLCJkZWxldGUiOjEyMDAwMDAwMDAwMDAsInVwZGF0ZSI6MTIwMDAwMDAwMDAwMH19",
          "dependencies": [
            "oci_dns_zone.ocp_zone",
            "oci_dns_zone.test_zone_ptr"
          ]
        }
      ]
    },
    {
      "mode": "managed",
      "type": "oci_dns_rrset",
      "name": "worker1",
      "provider": "provider[\"registry.terraform.io/hashicorp/oci\"]",
      "instances": [
        {
          "schema_version": 0,
          "attributes": {
            "compartment_id": "ocid1.compartment.oc1..aaaaaaaahr7aicqtodxmcfor6pbqn3hvsngpftozyxzqw36gj4kh3w3kkj4q",
            "domain": "worker1.c4.js.s",
            "id": "zoneNameOrId/ocid1.dns-zone.oc1.ap-sydney-1.aaaaaaaa3dszkefktjif2kkgbhxplnj66s35s2xgtoa3ntz4n33ifxon7ffa/domain/worker1.c4.js.s/rtype/A",
            "items": [
              {
                "domain": "worker1.c4.js.s",
                "is_protected": false,
                "rdata": "10.0.0.101",
                "record_hash": "e3a6d2a38095e47aede5c5d0434ce7a1",
                "rrset_version": "2",
                "rtype": "A",
                "ttl": 3600
              }
            ],
            "rtype": "A",
            "scope": "PRIVATE",
            "timeouts": null,
            "view_id": "ocid1.dnsview.oc1.ap-sydney-1.aaaaaaaa3sm4pc3i77kyzqf3feypywp643psinrfvtsaxv3hmg4obr63buea",
            "zone_name_or_id": "ocid1.dns-zone.oc1.ap-sydney-1.aaaaaaaa3dszkefktjif2kkgbhxplnj66s35s2xgtoa3ntz4n33ifxon7ffa"
          },
          "sensitive_attributes": [],
          "private": "eyJlMmJmYjczMC1lY2FhLTExZTYtOGY4OC0zNDM2M2JjN2M0YzAiOnsiY3JlYXRlIjoxMjAwMDAwMDAwMDAwLCJkZWxldGUiOjEyMDAwMDAwMDAwMDAsInVwZGF0ZSI6MTIwMDAwMDAwMDAwMH19",
          "dependencies": [
            "oci_dns_zone.ocp_zone"
          ]
        }
      ]
    },
    {
      "mode": "managed",
      "type": "oci_dns_rrset",
      "name": "worker1_ptr",
      "provider": "provider[\"registry.terraform.io/hashicorp/oci\"]",
      "instances": [
        {
          "schema_version": 0,
          "attributes": {
            "compartment_id": "ocid1.compartment.oc1..aaaaaaaahr7aicqtodxmcfor6pbqn3hvsngpftozyxzqw36gj4kh3w3kkj4q",
            "domain": "101.0.0.10.in-addr.arpa",
            "id": "zoneNameOrId/ocid1.dns-zone.oc1.ap-sydney-1.aaaaaaaaanzjv46kwt6g72m3jowv5ezxgyteaemrpy7ucsm2al3pm6kne5oq/domain/101.0.0.10.in-addr.arpa/rtype/PTR",
            "items": [
              {
                "domain": "101.0.0.10.in-addr.arpa",
                "is_protected": false,
                "rdata": "worker1.c4.js.s.",
                "record_hash": "7b82f005b5f82d988d47e70a48d662d4",
                "rrset_version": "4",
                "rtype": "PTR",
                "ttl": 3600
              }
            ],
            "rtype": "PTR",
            "scope": "PRIVATE",
            "timeouts": null,
            "view_id": "ocid1.dnsview.oc1.ap-sydney-1.aaaaaaaa3sm4pc3i77kyzqf3feypywp643psinrfvtsaxv3hmg4obr63buea",
            "zone_name_or_id": "ocid1.dns-zone.oc1.ap-sydney-1.aaaaaaaaanzjv46kwt6g72m3jowv5ezxgyteaemrpy7ucsm2al3pm6kne5oq"
          },
          "sensitive_attributes": [],
          "private": "eyJlMmJmYjczMC1lY2FhLTExZTYtOGY4OC0zNDM2M2JjN2M0YzAiOnsiY3JlYXRlIjoxMjAwMDAwMDAwMDAwLCJkZWxldGUiOjEyMDAwMDAwMDAwMDAsInVwZGF0ZSI6MTIwMDAwMDAwMDAwMH19",
          "dependencies": [
            "oci_dns_zone.ocp_zone",
            "oci_dns_zone.test_zone_ptr"
          ]
        }
      ]
    },
    {
      "mode": "managed",
      "type": "oci_dns_zone",
      "name": "ocp_zone",
      "provider": "provider[\"registry.terraform.io/hashicorp/oci\"]",
      "instances": [
        {
          "schema_version": 0,
          "attributes": {
            "compartment_id": "ocid1.compartment.oc1..aaaaaaaahr7aicqtodxmcfor6pbqn3hvsngpftozyxzqw36gj4kh3w3kkj4q",
            "defined_tags": {
              "default_tags.CreatedBy": "oracleidentitycloudservice/jingsong.liu@oracle.com",
              "default_tags.CreatedOn": "2023-01-05T06:34:16.992Z"
            },
            "external_masters": [],
            "freeform_tags": {},
            "id": "ocid1.dns-zone.oc1.ap-sydney-1.aaaaaaaa3dszkefktjif2kkgbhxplnj66s35s2xgtoa3ntz4n33ifxon7ffa",
            "is_protected": false,
            "name": "js.s",
            "nameservers": [
              {
                "hostname": "vcn-dns.oraclevcn.com."
              }
            ],
            "scope": "PRIVATE",
            "self": "https://dns.ap-sydney-1.oci.oraclecloud.com/20180115/zones/ocid1.dns-zone.oc1.ap-sydney-1.aaaaaaaa3dszkefktjif2kkgbhxplnj66s35s2xgtoa3ntz4n33ifxon7ffa",
            "serial": 1,
            "state": "ACTIVE",
            "time_created": "2023-01-05 06:34:17.139 +0000 UTC",
            "timeouts": null,
            "version": "1",
            "view_id": "ocid1.dnsview.oc1.ap-sydney-1.aaaaaaaa3sm4pc3i77kyzqf3feypywp643psinrfvtsaxv3hmg4obr63buea",
            "zone_type": "PRIMARY"
          },
          "sensitive_attributes": [],
          "private": "eyJlMmJmYjczMC1lY2FhLTExZTYtOGY4OC0zNDM2M2JjN2M0YzAiOnsiY3JlYXRlIjoxMjAwMDAwMDAwMDAwLCJkZWxldGUiOjEyMDAwMDAwMDAwMDAsInVwZGF0ZSI6MTIwMDAwMDAwMDAwMH19"
        }
      ]
    },
    {
      "mode": "managed",
      "type": "oci_dns_zone",
      "name": "test_zone_ptr",
      "provider": "provider[\"registry.terraform.io/hashicorp/oci\"]",
      "instances": [
        {
          "schema_version": 0,
          "attributes": {
            "compartment_id": "ocid1.compartment.oc1..aaaaaaaahr7aicqtodxmcfor6pbqn3hvsngpftozyxzqw36gj4kh3w3kkj4q",
            "defined_tags": {
              "default_tags.CreatedBy": "oracleidentitycloudservice/jingsong.liu@oracle.com",
              "default_tags.CreatedOn": "2023-01-05T06:34:16.976Z"
            },
            "external_masters": [],
            "freeform_tags": {},
            "id": "ocid1.dns-zone.oc1.ap-sydney-1.aaaaaaaaanzjv46kwt6g72m3jowv5ezxgyteaemrpy7ucsm2al3pm6kne5oq",
            "is_protected": false,
            "name": "0.0.10.in-addr.arpa",
            "nameservers": [
              {
                "hostname": "vcn-dns.oraclevcn.com."
              }
            ],
            "scope": "PRIVATE",
            "self": "https://dns.ap-sydney-1.oci.oraclecloud.com/20180115/zones/ocid1.dns-zone.oc1.ap-sydney-1.aaaaaaaaanzjv46kwt6g72m3jowv5ezxgyteaemrpy7ucsm2al3pm6kne5oq",
            "serial": 1,
            "state": "ACTIVE",
            "time_created": "2023-01-05 06:34:17.103 +0000 UTC",
            "timeouts": null,
            "version": "1",
            "view_id": "ocid1.dnsview.oc1.ap-sydney-1.aaaaaaaa3sm4pc3i77kyzqf3feypywp643psinrfvtsaxv3hmg4obr63buea",
            "zone_type": "PRIMARY"
          },
          "sensitive_attributes": [],
          "private": "eyJlMmJmYjczMC1lY2FhLTExZTYtOGY4OC0zNDM2M2JjN2M0YzAiOnsiY3JlYXRlIjoxMjAwMDAwMDAwMDAwLCJkZWxldGUiOjEyMDAwMDAwMDAwMDAsInVwZGF0ZSI6MTIwMDAwMDAwMDAwMH19"
        }
      ]
    },
    {
      "mode": "managed",
      "type": "oci_network_load_balancer_listener",
      "name": "api_nlb_listener",
      "provider": "provider[\"registry.terraform.io/hashicorp/oci\"]",
      "instances": [
        {
          "schema_version": 0,
          "attributes": {
            "default_backend_set_name": "api_ocp_bs",
            "id": "networkLoadBalancers/ocid1.networkloadbalancer.oc1.ap-sydney-1.amaaaaaaak7gbriai3dgcncsylg3lukfed5efqxt3nigznuytccbnust4o2a/listeners/api-ocp-listener",
            "ip_version": "IPV4",
            "name": "api-ocp-listener",
            "network_load_balancer_id": "ocid1.networkloadbalancer.oc1.ap-sydney-1.amaaaaaaak7gbriai3dgcncsylg3lukfed5efqxt3nigznuytccbnust4o2a",
            "port": 0,
            "protocol": "TCP_AND_UDP",
            "timeouts": null
          },
          "sensitive_attributes": [],
          "private": "eyJlMmJmYjczMC1lY2FhLTExZTYtOGY4OC0zNDM2M2JjN2M0YzAiOnsiY3JlYXRlIjoxMjAwMDAwMDAwMDAwLCJkZWxldGUiOjEyMDAwMDAwMDAwMDAsInVwZGF0ZSI6MTIwMDAwMDAwMDAwMH19",
          "dependencies": [
            "oci_network_load_balancer_network_load_balancer.api_network_load_balancer",
            "oci_network_load_balancer_network_load_balancers_backend_sets_unified.api_backend_set"
          ]
        }
      ]
    },
    {
      "mode": "managed",
      "type": "oci_network_load_balancer_listener",
      "name": "apps_nlb_listener",
      "provider": "provider[\"registry.terraform.io/hashicorp/oci\"]",
      "instances": [
        {
          "schema_version": 0,
          "attributes": {
            "default_backend_set_name": "apps_ocp_bs",
            "id": "networkLoadBalancers/ocid1.networkloadbalancer.oc1.ap-sydney-1.amaaaaaaak7gbriahy3cpn4o7icx5ybyq5mydtt5ocyghm5l3xqh4btmtdkq/listeners/apps-ocp-listener",
            "ip_version": "IPV4",
            "name": "apps-ocp-listener",
            "network_load_balancer_id": "ocid1.networkloadbalancer.oc1.ap-sydney-1.amaaaaaaak7gbriahy3cpn4o7icx5ybyq5mydtt5ocyghm5l3xqh4btmtdkq",
            "port": 0,
            "protocol": "TCP_AND_UDP",
            "timeouts": null
          },
          "sensitive_attributes": [],
          "private": "eyJlMmJmYjczMC1lY2FhLTExZTYtOGY4OC0zNDM2M2JjN2M0YzAiOnsiY3JlYXRlIjoxMjAwMDAwMDAwMDAwLCJkZWxldGUiOjEyMDAwMDAwMDAwMDAsInVwZGF0ZSI6MTIwMDAwMDAwMDAwMH19",
          "dependencies": [
            "oci_network_load_balancer_network_load_balancer.apps_network_load_balancer",
            "oci_network_load_balancer_network_load_balancers_backend_sets_unified.apps_backend_set"
          ]
        }
      ]
    },
    {
      "mode": "managed",
      "type": "oci_network_load_balancer_network_load_balancer",
      "name": "api_network_load_balancer",
      "provider": "provider[\"registry.terraform.io/hashicorp/oci\"]",
      "instances": [
        {
          "schema_version": 0,
          "attributes": {
            "compartment_id": "ocid1.compartment.oc1..aaaaaaaahr7aicqtodxmcfor6pbqn3hvsngpftozyxzqw36gj4kh3w3kkj4q",
            "defined_tags": {
              "default_tags.CreatedBy": "oracleidentitycloudservice/jingsong.liu@oracle.com",
              "default_tags.CreatedOn": "2023-01-05T06:34:16.944Z"
            },
            "display_name": "api-ocp-nlb",
            "freeform_tags": {},
            "id": "ocid1.networkloadbalancer.oc1.ap-sydney-1.amaaaaaaak7gbriai3dgcncsylg3lukfed5efqxt3nigznuytccbnust4o2a",
            "ip_addresses": [
              {
                "ip_address": "152.67.110.86",
                "ip_version": "IPV4",
                "is_public": true,
                "reserved_ip": []
              },
              {
                "ip_address": "10.0.0.195",
                "ip_version": "IPV4",
                "is_public": false,
                "reserved_ip": []
              }
            ],
            "is_preserve_source_destination": false,
            "is_private": false,
            "lifecycle_details": null,
            "network_security_group_ids": null,
            "nlb_ip_version": "IPV4",
            "reserved_ips": null,
            "state": "ACTIVE",
            "subnet_id": "ocid1.subnet.oc1.ap-sydney-1.aaaaaaaaobjfpqfckgelqrb5x3syj22cobgynciukmjnszycffz3u45gflha",
            "system_tags": {
              "orcl-cloud.free-tier-retained": "true"
            },
            "time_created": "2023-01-05 06:34:17 +0000 UTC",
            "time_updated": "2023-01-05 06:34:31 +0000 UTC",
            "timeouts": null
          },
          "sensitive_attributes": [],
          "private": "eyJlMmJmYjczMC1lY2FhLTExZTYtOGY4OC0zNDM2M2JjN2M0YzAiOnsiY3JlYXRlIjoxMjAwMDAwMDAwMDAwLCJkZWxldGUiOjEyMDAwMDAwMDAwMDAsInVwZGF0ZSI6MTIwMDAwMDAwMDAwMH19"
        }
      ]
    },
    {
      "mode": "managed",
      "type": "oci_network_load_balancer_network_load_balancer",
      "name": "apps_network_load_balancer",
      "provider": "provider[\"registry.terraform.io/hashicorp/oci\"]",
      "instances": [
        {
          "schema_version": 0,
          "attributes": {
            "compartment_id": "ocid1.compartment.oc1..aaaaaaaahr7aicqtodxmcfor6pbqn3hvsngpftozyxzqw36gj4kh3w3kkj4q",
            "defined_tags": {
              "default_tags.CreatedBy": "oracleidentitycloudservice/jingsong.liu@oracle.com",
              "default_tags.CreatedOn": "2023-01-05T06:34:16.952Z"
            },
            "display_name": "apps-ocp-nlb",
            "freeform_tags": {},
            "id": "ocid1.networkloadbalancer.oc1.ap-sydney-1.amaaaaaaak7gbriahy3cpn4o7icx5ybyq5mydtt5ocyghm5l3xqh4btmtdkq",
            "ip_addresses": [
              {
                "ip_address": "152.67.100.235",
                "ip_version": "IPV4",
                "is_public": true,
                "reserved_ip": []
              },
              {
                "ip_address": "10.0.0.243",
                "ip_version": "IPV4",
                "is_public": false,
                "reserved_ip": []
              }
            ],
            "is_preserve_source_destination": false,
            "is_private": false,
            "lifecycle_details": null,
            "network_security_group_ids": null,
            "nlb_ip_version": "IPV4",
            "reserved_ips": null,
            "state": "ACTIVE",
            "subnet_id": "ocid1.subnet.oc1.ap-sydney-1.aaaaaaaaobjfpqfckgelqrb5x3syj22cobgynciukmjnszycffz3u45gflha",
            "system_tags": {
              "orcl-cloud.free-tier-retained": "true"
            },
            "time_created": "2023-01-05 06:34:17 +0000 UTC",
            "time_updated": "2023-01-05 06:34:31 +0000 UTC",
            "timeouts": null
          },
          "sensitive_attributes": [],
          "private": "eyJlMmJmYjczMC1lY2FhLTExZTYtOGY4OC0zNDM2M2JjN2M0YzAiOnsiY3JlYXRlIjoxMjAwMDAwMDAwMDAwLCJkZWxldGUiOjEyMDAwMDAwMDAwMDAsInVwZGF0ZSI6MTIwMDAwMDAwMDAwMH19"
        }
      ]
    },
    {
      "mode": "managed",
      "type": "oci_network_load_balancer_network_load_balancers_backend_sets_unified",
      "name": "api_backend_set",
      "provider": "provider[\"registry.terraform.io/hashicorp/oci\"]",
      "instances": [
        {
          "schema_version": 0,
          "attributes": {
            "backends": [
              {
                "ip_address": "10.0.0.89",
                "is_backup": false,
                "is_drain": false,
                "is_offline": false,
                "name": "10.0.0.89:0",
                "port": 0,
                "target_id": "",
                "weight": 1
              },
              {
                "ip_address": "10.0.0.90",
                "is_backup": false,
                "is_drain": false,
                "is_offline": false,
                "name": "10.0.0.90:0",
                "port": 0,
                "target_id": "",
                "weight": 1
              },
              {
                "ip_address": "10.0.0.91",
                "is_backup": false,
                "is_drain": false,
                "is_offline": false,
                "name": "10.0.0.91:0",
                "port": 0,
                "target_id": "",
                "weight": 1
              },
              {
                "ip_address": "10.0.0.92",
                "is_backup": false,
                "is_drain": false,
                "is_offline": false,
                "name": "10.0.0.92:0",
                "port": 0,
                "target_id": "",
                "weight": 1
              }
            ],
            "health_checker": [
              {
                "interval_in_millis": 10000,
                "port": 6443,
                "protocol": "TCP",
                "request_data": "",
                "response_body_regex": "",
                "response_data": "",
                "retries": 3,
                "return_code": 0,
                "timeout_in_millis": 3000,
                "url_path": ""
              }
            ],
            "id": "networkLoadBalancers/ocid1.networkloadbalancer.oc1.ap-sydney-1.amaaaaaaak7gbriai3dgcncsylg3lukfed5efqxt3nigznuytccbnust4o2a/backendSets/api_ocp_bs",
            "ip_version": "IPV4",
            "is_preserve_source": false,
            "name": "api_ocp_bs",
            "network_load_balancer_id": "ocid1.networkloadbalancer.oc1.ap-sydney-1.amaaaaaaak7gbriai3dgcncsylg3lukfed5efqxt3nigznuytccbnust4o2a",
            "policy": "FIVE_TUPLE",
            "timeouts": null
          },
          "sensitive_attributes": [],
          "private": "eyJlMmJmYjczMC1lY2FhLTExZTYtOGY4OC0zNDM2M2JjN2M0YzAiOnsiY3JlYXRlIjoxMjAwMDAwMDAwMDAwLCJkZWxldGUiOjEyMDAwMDAwMDAwMDAsInVwZGF0ZSI6MTIwMDAwMDAwMDAwMH19",
          "dependencies": [
            "oci_network_load_balancer_network_load_balancer.api_network_load_balancer"
          ]
        }
      ]
    },
    {
      "mode": "managed",
      "type": "oci_network_load_balancer_network_load_balancers_backend_sets_unified",
      "name": "apps_backend_set",
      "provider": "provider[\"registry.terraform.io/hashicorp/oci\"]",
      "instances": [
        {
          "schema_version": 0,
          "attributes": {
            "backends": [
              {
                "ip_address": "10.0.0.100",
                "is_backup": false,
                "is_drain": false,
                "is_offline": false,
                "name": "10.0.0.100:0",
                "port": 0,
                "target_id": "",
                "weight": 1
              },
              {
                "ip_address": "10.0.0.101",
                "is_backup": false,
                "is_drain": false,
                "is_offline": false,
                "name": "10.0.0.101:0",
                "port": 0,
                "target_id": "",
                "weight": 1
              },
              {
                "ip_address": "10.0.0.90",
                "is_backup": false,
                "is_drain": false,
                "is_offline": false,
                "name": "10.0.0.90:0",
                "port": 0,
                "target_id": "",
                "weight": 1
              },
              {
                "ip_address": "10.0.0.91",
                "is_backup": false,
                "is_drain": false,
                "is_offline": false,
                "name": "10.0.0.91:0",
                "port": 0,
                "target_id": "",
                "weight": 1
              },
              {
                "ip_address": "10.0.0.92",
                "is_backup": false,
                "is_drain": false,
                "is_offline": false,
                "name": "10.0.0.92:0",
                "port": 0,
                "target_id": "",
                "weight": 1
              }
            ],
            "health_checker": [
              {
                "interval_in_millis": 10000,
                "port": 22,
                "protocol": "TCP",
                "request_data": "",
                "response_body_regex": "",
                "response_data": "",
                "retries": 3,
                "return_code": 0,
                "timeout_in_millis": 3000,
                "url_path": ""
              }
            ],
            "id": "networkLoadBalancers/ocid1.networkloadbalancer.oc1.ap-sydney-1.amaaaaaaak7gbriahy3cpn4o7icx5ybyq5mydtt5ocyghm5l3xqh4btmtdkq/backendSets/apps_ocp_bs",
            "ip_version": "IPV4",
            "is_preserve_source": false,
            "name": "apps_ocp_bs",
            "network_load_balancer_id": "ocid1.networkloadbalancer.oc1.ap-sydney-1.amaaaaaaak7gbriahy3cpn4o7icx5ybyq5mydtt5ocyghm5l3xqh4btmtdkq",
            "policy": "FIVE_TUPLE",
            "timeouts": null
          },
          "sensitive_attributes": [],
          "private": "eyJlMmJmYjczMC1lY2FhLTExZTYtOGY4OC0zNDM2M2JjN2M0YzAiOnsiY3JlYXRlIjoxMjAwMDAwMDAwMDAwLCJkZWxldGUiOjEyMDAwMDAwMDAwMDAsInVwZGF0ZSI6MTIwMDAwMDAwMDAwMH19",
          "dependencies": [
            "oci_network_load_balancer_network_load_balancer.apps_network_load_balancer"
          ]
        }
      ]
    }
  ],
  "check_results": null
}
